
Microsoft Visual Studio Solution File, Format Version 12.00
# Visual Studio 15
VisualStudioVersion = 15.0.27428.2043
MinimumVisualStudioVersion = 10.0.40219.1
Project("{FAE04EC0-301F-11D3-BF4B-00C04F79EFBC}") = "branchingExercise", "branchingExercise\branchingExercise.csproj", "{35A16463-2E11-4FCC-965F-6DFBACC84F21}"
EndProject
Global
	GlobalSection(SolutionConfigurationPlatforms) = preSolution
		Debug|Any CPU = Debug|Any CPU
		Release|Any CPU = Release|Any CPU
	EndGlobalSection
	GlobalSection(ProjectConfigurationPlatforms) = postSolution
		{35A16463-2E11-4FCC-965F-6DFBACC84F21}.Debug|Any CPU.ActiveCfg = Debug|Any CPU
		{35A16463-2E11-4FCC-965F-6DFBACC84F21}.Debug|Any CPU.Build.0 = Debug|Any CPU
		{35A16463-2E11-4FCC-965F-6DFBACC84F21}.Release|Any CPU.ActiveCfg = Release|Any CPU
		{35A16463-2E11-4FCC-965F-6DFBACC84F21}.Release|Any CPU.Build.0 = Release|Any CPU
	EndGlobalSection
	GlobalSection(SolutionProperties) = preSolution
		HideSolutionNode = FALSE
	EndGlobalSection
	GlobalSection(ExtensibilityGlobals) = postSolution
		SolutionGuid = {84CF8822-3B81-463A-96C5-A6C3236788BB}
	EndGlobalSection
EndGlobal
